// !$*UTF8*$!
{
	archiveVersion = 1;
	classes = {
	};
	objectVersion = 46;
	objects = {

/* Begin PBXBuildFile section */
		AABDE5F61CADA610005CD74F /* AppDelegate.swift in Sources */ = {isa = PBXBuildFile; fileRef = AABDE5F51CADA610005CD74F /* AppDelegate.swift */; };
		AABDE5F81CADA610005CD74F /* ViewController.swift in Sources */ = {isa = PBXBuildFile; fileRef = AABDE5F71CADA610005CD74F /* ViewController.swift */; };
		AABDE5FB1CADA610005CD74F /* Main.storyboard in Resources */ = {isa = PBXBuildFile; fileRef = AABDE5F91CADA610005CD74F /* Main.storyboard */; };
		AABDE5FD1CADA610005CD74F /* Assets.xcassets in Resources */ = {isa = PBXBuildFile; fileRef = AABDE5FC1CADA610005CD74F /* Assets.xcassets */; };
		AABDE6001CADA610005CD74F /* LaunchScreen.storyboard in Resources */ = {isa = PBXBuildFile; fileRef = AABDE5FE1CADA610005CD74F /* LaunchScreen.storyboard */; };
/* End PBXBuildFile section */

/* Begin PBXFileReference section */
		AABDE5F21CADA610005CD74F /* my-weather.app */ = {isa = PBXFileReference; explicitFileType = wrapper.application; includeInIndex = 0; path = "my-weather.app"; sourceTree = BUILT_PRODUCTS_DIR; };
		AABDE5F51CADA610005CD74F /* AppDelegate.swift */ = {isa = PBXFileReference; lastKnownFileType = sourcecode.swift; path = AppDelegate.swift; sourceTree = "<group>"; };
		AABDE5F71CADA610005CD74F /* ViewController.swift */ = {isa = PBXFileReference; lastKnownFileType = sourcecode.swift; path = ViewController.swift; sourceTree = "<group>"; };
		AABDE5FA1CADA610005CD74F /* Base */ = {isa = PBXFileReference; lastKnownFileType = file.storyboard; name = Base; path = Base.lproj/Main.storyboard; sourceTree = "<group>"; };
		AABDE5FC1CADA610005CD74F /* Assets.xcassets */ = {isa = PBXFileReference; lastKnownFileType = folder.assetcatalog; path = Assets.xcassets; sourceTree = "<group>"; };
		AABDE5FF1CADA610005CD74F /* Base */ = {isa = PBXFileReference; lastKnownFileType = file.storyboard; name = Base; path = Base.lproj/LaunchScreen.storyboard; sourceTree = "<group>"; };
		AABDE6011CADA610005CD74F /* Info.plist */ = {isa = PBXFileReference; lastKnownFileType = text.plist.xml; path = Info.plist; sourceTree = "<group>"; };
/* End PBXFileReference section */

/* Begin PBXFrameworksBuildPhase section */
		AABDE5EF1CADA610005CD74F /* Frameworks */ = {
			isa = PBXFrameworksBuildPhase;
			buildActionMask = 2147483647;
			files = (
			);
			runOnlyForDeploymentPostprocessing = 0;
		};
/* End PBXFrameworksBuildPhase section */

/* Begin PBXGroup section */
		AABDE5E91CADA610005CD74F = {
			isa = PBXGroup;
			children = (
				AABDE5F41CADA610005CD74F /* my-weather */,
				AABDE5F31CADA610005CD74F /* Products */,
			);
			sourceTree = "<group>";
		};
		AABDE5F31CADA610005CD74F /* Products */ = {
			isa = PBXGroup;
			children = (
				AABDE5F21CADA610005CD74F /* my-weather.app */,
			);
			name = Products;
			sourceTree = "<group>";
		};
		AABDE5F41CADA610005CD74F /* my-weather */ = {
			isa = PBXGroup;
			children = (
				AABDE5F51CADA610005CD74F /* AppDelegate.swift */,
				AABDE5F71CADA610005CD74F /* ViewController.swift */,
				AABDE5F91CADA610005CD74F /* Main.storyboard */,
				AABDE5FC1CADA610005CD74F /* Assets.xcassets */,
				AABDE5FE1CADA610005CD74F /* LaunchScreen.storyboard */,
				AABDE6011CADA610005CD74F /* Info.plist */,
			);
			path = "my-weather";
			sourceTree = "<group>";
		};
/* End PBXGroup section */

/* Begin PBXNativeTarget section */
		AABDE5F11CADA610005CD74F /* my-weather */ = {
			isa = PBXNativeTarget;
			buildConfigurationList = AABDE6041CADA610005CD74F /* Build configuration list for PBXNativeTarget "my-weather" */;
			buildPhases = (
				AABDE5EE1CADA610005CD74F /* Sources */,
				AABDE5EF1CADA610005CD74F /* Frameworks */,
				AABDE5F01CADA610005CD74F /* Resources */,
			);
			buildRules = (
			);
			dependencies = (
			);
			name = "my-weather";
			productName = "my-weather";
			productReference = AABDE5F21CADA610005CD74F /* my-weather.app */;
			productType = "com.apple.product-type.application";
		};
/* End PBXNativeTarget section */

/* Begin PBXProject section */
		AABDE5EA1CADA610005CD74F /* Project object */ = {
			isa = PBXProject;
			attributes = {
				LastSwiftUpdateCheck = 0730;
				LastUpgradeCheck = 0730;
				ORGANIZATIONNAME = "Gary Grape Productions";
				TargetAttributes = {
					AABDE5F11CADA610005CD74F = {
						CreatedOnToolsVersion = 7.3;
					};
				};
			};
			buildConfigurationList = AABDE5ED1CADA610005CD74F /* Build configuration list for PBXProject "my-weather" */;
			compatibilityVersion = "Xcode 3.2";
			developmentRegion = English;
			hasScannedForEncodings = 0;
			knownRegions = (
				en,
				Base,
			);
			mainGroup = AABDE5E91CADA610005CD74F;
			productRefGroup = AABDE5F31CADA610005CD74F /* Products */;
			projectDirPath = "";
			projectRoot = "";
			targets = (
				AABDE5F11CADA610005CD74F /* my-weather */,
			);
		};
/* End PBXProject section */

/* Begin PBXResourcesBuildPhase section */
		AABDE5F01CADA610005CD74F /* Resources */ = {
			isa = PBXResourcesBuildPhase;
			buildActionMask = 2147483647;
			files = (
				AABDE6001CADA610005CD74F /* LaunchScreen.storyboard in Resources */,
				AABDE5FD1CADA610005CD74F /* Assets.xcassets in Resources */,
				AABDE5FB1CADA610005CD74F /* Main.storyboard in Resources */,
			);
			runOnlyForDeploymentPostprocessing = 0;
		};
/* End PBXResourcesBuildPhase section */

/* Begin PBXSourcesBuildPhase section */
		AABDE5EE1CADA610005CD74F /* Sources */ = {
			isa = PBXSourcesBuildPhase;
			buildActionMask = 2147483647;
			files = (
				AABDE5F81CADA610005CD74F /* ViewController.swift in Sources */,
				AABDE5F61CADA610005CD74F /* AppDelegate.swift in Sources */,
			);
			runOnlyForDeploymentPostprocessing = 0;
		};
/* End PBXSourcesBuildPhase section */

/* Begin PBXVariantGroup section */
		AABDE5F91CADA610005CD74F /* Main.storyboard */ = {
			isa = PBXVariantGroup;
			children = (
				AABDE5FA1CADA610005CD74F /* Base */,
			);
			name = Main.storyboard;
			sourceTree = "<group>";
		};
		AABDE5FE1CADA610005CD74F /* LaunchScreen.storyboard */ = {
			isa = PBXVariantGroup;
			children = (
				AABDE5FF1CADA610005CD74F /* Base */,
			);
			name = LaunchScreen.storyboard;
			sourceTree = "<group>";
		};
/* End PBXVariantGroup section */

/* Begin XCBuildConfiguration section */
		AABDE6021CADA610005CD74F /* Debug */ = {
			isa = XCBuildConfiguration;
			buildSettings = {
				ALWAYS_SEARCH_USER_PATHS = NO;
				CLANG_ANALYZER_NONNULL = YES;
				CLANG_CXX_LANGUAGE_STANDARD = "gnu++0x";
				CLANG_CXX_LIBRARY = "libc++";
				CLANG_ENABLE_MODULES = YES;
				CLANG_ENABLE_OBJC_ARC = YES;
				CLANG_WARN_BOOL_CONVERSION = YES;
				CLANG_WARN_CONSTANT_CONVERSION = YES;
				CLANG_WARN_DIRECT_OBJC_ISA_USAGE = YES_ERROR;
				CLANG_WARN_EMPTY_BODY = YES;
				CLANG_WARN_ENUM_CONVERSION = YES;
				CLANG_WARN_INT_CONVERSION = YES;
				CLANG_WARN_OBJC_ROOT_CLASS = YES_ERROR;
				CLANG_WARN_UNREACHABLE_CODE = YES;
				CLANG_WARN__DUPLICATE_METHOD_MATCH = YES;
				"CODE_SIGN_IDENTITY[sdk=iphoneos*]" = "iPhone Developer";
				COPY_PHASE_STRIP = NO;
				DEBUG_INFORMATION_FORMAT = dwarf;
				ENABLE_STRICT_OBJC_MSGSEND = YES;
				ENABLE_TESTABILITY = YES;
				GCC_C_LANGUAGE_STANDARD = gnu99;
				GCC_DYNAMIC_NO_PIC = NO;
				GCC_NO_COMMON_BLOCKS = YES;
				GCC_OPTIMIZATION_LEVEL = 0;
				GCC_PREPROCESSOR_DEFINITIONS = (
					"DEBUG=1",
					"$(inherited)",
				);
				GCC_WARN_64_TO_32_BIT_CONVERSION = YES;
				GCC_WARN_ABOUT_RETURN_TYPE = YES_ERROR;
				GCC_WARN_UNDECLARED_SELECTOR = YES;
				GCC_WARN_UNINITIALIZED_AUTOS = YES_AGGRESSIVE;
				GCC_WARN_UNUSED_FUNCTION = YES;
				GCC_WARN_UNUSED_VARIABLE = YES;
				IPHONEOS_DEPLOYMENT_TARGET = 9.3;
				MTL_ENABLE_DEBUG_INFO = YES;
				ONLY_ACTIVE_ARCH = YES;
				SDKROOT = iphoneos;
				SWIFT_OPTIMIZATION_LEVEL = "-Onone";
				TARGETED_DEVICE_FAMILY = "1,2";
			};
			name = Debug;
		};
		AABDE6031CADA610005CD74F /* Release */ = {
			isa = XCBuildConfiguration;
			buildSettings = {
				ALWAYS_SEARCH_USER_PATHS = NO;
				CLANG_ANALYZER_NONNULL = YES;
				CLANG_CXX_LANGUAGE_STANDARD = "gnu++0x";
				CLANG_CXX_LIBRARY = "libc++";
				CLANG_ENABLE_MODULES = YES;
				CLANG_ENABLE_OBJC_ARC = YES;
				CLANG_WARN_BOOL_CONVERSION = YES;
				CLANG_WARN_CONSTANT_CONVERSION = YES;
				CLANG_WARN_DIRECT_OBJC_ISA_USAGE = YES_ERROR;
				CLANG_WARN_EMPTY_BODY = YES;
				CLANG_WARN_ENUM_CONVERSION = YES;
				CLANG_WARN_INT_CONVERSION = YES;
				CLANG_WARN_OBJC_ROOT_CLASS = YES_ERROR;
				CLANG_WARN_UNREACHABLE_CODE = YES;
				CLANG_WARN__DUPLICATE_METHOD_MATCH = YES;
				"CODE_SIGN_IDENTITY[sdk=iphoneos*]" = "iPhone Developer";
				COPY_PHASE_STRIP = NO;
				DEBUG_INFORMATION_FORMAT = "dwarf-with-dsym";
				ENABLE_NS_ASSERTIONS = NO;
				ENABLE_STRICT_OBJC_MSGSEND = YES;
				GCC_C_LANGUAGE_STANDARD = gnu99;
				GCC_NO_COMMON_BLOCKS = YES;
				GCC_WARN_64_TO_32_BIT_CONVERSION = YES;
				GCC_WARN_ABOUT_RETURN_TYPE = YES_ERROR;
				GCC_WARN_UNDECLARED_SELECTOR = YES;
				GCC_WARN_UNINITIALIZED_AUTOS = YES_AGGRESSIVE;
				GCC_WARN_UNUSED_FUNCTION = YES;
				GCC_WARN_UNUSED_VARIABLE = YES;
				IPHONEOS_DEPLOYMENT_TARGET = 9.3;
				MTL_ENABLE_DEBUG_INFO = NO;
				SDKROOT = iphoneos;
				TARGETED_DEVICE_FAMILY = "1,2";
				VALIDATE_PRODUCT = YES;
			};
			name = Release;
		};
		AABDE6051CADA610005CD74F /* Debug */ = {
			isa = XCBuildConfiguration;
			buildSettings = {
				ASSETCATALOG_COMPILER_APPICON_NAME = AppIcon;
				INFOPLIST_FILE = "my-weather/Info.plist";
				LD_RUNPATH_SEARCH_PATHS = "$(inherited) @executable_path/Frameworks";
				PRODUCT_BUNDLE_IDENTIFIER = "io.garygrapeproductions.my-weather";
				PRODUCT_NAME = "$(TARGET_NAME)";
			};
			name = Debug;
		};
		AABDE6061CADA610005CD74F /* Release */ = {
			isa = XCBuildConfiguration;
			buildSettings = {
				ASSETCATALOG_COMPILER_APPICON_NAME = AppIcon;
				INFOPLIST_FILE = "my-weather/Info.plist";
				LD_RUNPATH_SEARCH_PATHS = "$(inherited) @executable_path/Frameworks";
				PRODUCT_BUNDLE_IDENTIFIER = "io.garygrapeproductions.my-weather";
				PRODUCT_NAME = "$(TARGET_NAME)";
			};
			name = Release;
		};
/* End XCBuildConfiguration section */

/* Begin XCConfigurationList section */
		AABDE5ED1CADA610005CD74F /* Build configuration list for PBXProject "my-weather" */ = {
			isa = XCConfigurationList;
			buildConfigurations = (
				AABDE6021CADA610005CD74F /* Debug */,
				AABDE6031CADA610005CD74F /* Release */,
			);
			defaultConfigurationIsVisible = 0;
			defaultConfigurationName = Release;
		};
		AABDE6041CADA610005CD74F /* Build configuration list for PBXNativeTarget "my-weather" */ = {
			isa = XCConfigurationList;
			buildConfigurations = (
				AABDE6051CADA610005CD74F /* Debug */,
				AABDE6061CADA610005CD74F /* Release */,
			);
			defaultConfigurationIsVisible = 0;
		};
/* End XCConfigurationList section */
	};
	rootObject = AABDE5EA1CADA610005CD74F /* Project object */;
}
