// !$*UTF8*$!
{
	archiveVersion = 1;
	classes = {
	};
	objectVersion = 46;
	objects = {

/* Begin PBXBuildFile section */
		0FC92582BEBE7379E573E009 /* Pods_my_weather.framework in Frameworks */ = {isa = PBXBuildFile; fileRef = 5BEFF34DBD0EDA855A547C36 /* Pods_my_weather.framework */; };
		AA1815E51CB0F76E00B9A01E /* CoreLocation.framework in Frameworks */ = {isa = PBXBuildFile; fileRef = AA1815E41CB0F76E00B9A01E /* CoreLocation.framework */; };
		AA1815E71CB1090900B9A01E /* OptionsVC.swift in Sources */ = {isa = PBXBuildFile; fileRef = AA1815E61CB1090900B9A01E /* OptionsVC.swift */; };
		AA1815E91CB1765D00B9A01E /* AdSupport.framework in Frameworks */ = {isa = PBXBuildFile; fileRef = AA1815E81CB1765D00B9A01E /* AdSupport.framework */; };
		AA1815EB1CB1766500B9A01E /* AudioToolbox.framework in Frameworks */ = {isa = PBXBuildFile; fileRef = AA1815EA1CB1766500B9A01E /* AudioToolbox.framework */; };
		AA1815ED1CB1766D00B9A01E /* AVFoundation.framework in Frameworks */ = {isa = PBXBuildFile; fileRef = AA1815EC1CB1766D00B9A01E /* AVFoundation.framework */; };
		AA1815EF1CB1767600B9A01E /* CoreGraphics.framework in Frameworks */ = {isa = PBXBuildFile; fileRef = AA1815EE1CB1767600B9A01E /* CoreGraphics.framework */; };
		AA1815F11CB1767C00B9A01E /* CoreMedia.framework in Frameworks */ = {isa = PBXBuildFile; fileRef = AA1815F01CB1767C00B9A01E /* CoreMedia.framework */; };
		AA1815F31CB1768600B9A01E /* CoreTelephony.framework in Frameworks */ = {isa = PBXBuildFile; fileRef = AA1815F21CB1768600B9A01E /* CoreTelephony.framework */; };
		AA1815F61CB1769000B9A01E /* EventKit.framework in Frameworks */ = {isa = PBXBuildFile; fileRef = AA1815F41CB1769000B9A01E /* EventKit.framework */; };
		AA1815F71CB1769000B9A01E /* EventKitUI.framework in Frameworks */ = {isa = PBXBuildFile; fileRef = AA1815F51CB1769000B9A01E /* EventKitUI.framework */; };
		AA1815F91CB1769D00B9A01E /* MediaPlayer.framework in Frameworks */ = {isa = PBXBuildFile; fileRef = AA1815F81CB1769D00B9A01E /* MediaPlayer.framework */; };
		AA1815FB1CB176A200B9A01E /* MessageUI.framework in Frameworks */ = {isa = PBXBuildFile; fileRef = AA1815FA1CB176A200B9A01E /* MessageUI.framework */; };
		AA1815FF1CB176B300B9A01E /* SystemConfiguration.framework in Frameworks */ = {isa = PBXBuildFile; fileRef = AA1815FE1CB176B300B9A01E /* SystemConfiguration.framework */; };
		AAAA7E8F1CAEE3E2004F3EB7 /* Constants.swift in Sources */ = {isa = PBXBuildFile; fileRef = AAAA7E8E1CAEE3E2004F3EB7 /* Constants.swift */; };
		AABDE5F61CADA610005CD74F /* AppDelegate.swift in Sources */ = {isa = PBXBuildFile; fileRef = AABDE5F51CADA610005CD74F /* AppDelegate.swift */; };
		AABDE5F81CADA610005CD74F /* MainWeatherVC.swift in Sources */ = {isa = PBXBuildFile; fileRef = AABDE5F71CADA610005CD74F /* MainWeatherVC.swift */; };
		AABDE5FB1CADA610005CD74F /* Main.storyboard in Resources */ = {isa = PBXBuildFile; fileRef = AABDE5F91CADA610005CD74F /* Main.storyboard */; };
		AABDE5FD1CADA610005CD74F /* Assets.xcassets in Resources */ = {isa = PBXBuildFile; fileRef = AABDE5FC1CADA610005CD74F /* Assets.xcassets */; };
		AABDE6001CADA610005CD74F /* LaunchScreen.storyboard in Resources */ = {isa = PBXBuildFile; fileRef = AABDE5FE1CADA610005CD74F /* LaunchScreen.storyboard */; };
		AAD1270A1CAE8C260081CAD6 /* NextWeatherVC.swift in Sources */ = {isa = PBXBuildFile; fileRef = AAD127091CAE8C260081CAD6 /* NextWeatherVC.swift */; };
		AAD1270F1CAEA5E10081CAD6 /* Weather.swift in Sources */ = {isa = PBXBuildFile; fileRef = AAD1270E1CAEA5E10081CAD6 /* Weather.swift */; };
		AAD127141CAEB6770081CAD6 /* WeatherCell.swift in Sources */ = {isa = PBXBuildFile; fileRef = AAD127131CAEB6770081CAD6 /* WeatherCell.swift */; };
/* End PBXBuildFile section */

/* Begin PBXFileReference section */
		434078669B3B37DC26636424 /* Pods-my-weather.debug.xcconfig */ = {isa = PBXFileReference; includeInIndex = 1; lastKnownFileType = text.xcconfig; name = "Pods-my-weather.debug.xcconfig"; path = "Pods/Target Support Files/Pods-my-weather/Pods-my-weather.debug.xcconfig"; sourceTree = "<group>"; };
		5BEFF34DBD0EDA855A547C36 /* Pods_my_weather.framework */ = {isa = PBXFileReference; explicitFileType = wrapper.framework; includeInIndex = 0; path = Pods_my_weather.framework; sourceTree = BUILT_PRODUCTS_DIR; };
		AA1815E41CB0F76E00B9A01E /* CoreLocation.framework */ = {isa = PBXFileReference; lastKnownFileType = wrapper.framework; name = CoreLocation.framework; path = System/Library/Frameworks/CoreLocation.framework; sourceTree = SDKROOT; };
		AA1815E61CB1090900B9A01E /* OptionsVC.swift */ = {isa = PBXFileReference; fileEncoding = 4; lastKnownFileType = sourcecode.swift; path = OptionsVC.swift; sourceTree = "<group>"; };
		AA1815E81CB1765D00B9A01E /* AdSupport.framework */ = {isa = PBXFileReference; lastKnownFileType = wrapper.framework; name = AdSupport.framework; path = System/Library/Frameworks/AdSupport.framework; sourceTree = SDKROOT; };
		AA1815EA1CB1766500B9A01E /* AudioToolbox.framework */ = {isa = PBXFileReference; lastKnownFileType = wrapper.framework; name = AudioToolbox.framework; path = System/Library/Frameworks/AudioToolbox.framework; sourceTree = SDKROOT; };
		AA1815EC1CB1766D00B9A01E /* AVFoundation.framework */ = {isa = PBXFileReference; lastKnownFileType = wrapper.framework; name = AVFoundation.framework; path = System/Library/Frameworks/AVFoundation.framework; sourceTree = SDKROOT; };
		AA1815EE1CB1767600B9A01E /* CoreGraphics.framework */ = {isa = PBXFileReference; lastKnownFileType = wrapper.framework; name = CoreGraphics.framework; path = System/Library/Frameworks/CoreGraphics.framework; sourceTree = SDKROOT; };
		AA1815F01CB1767C00B9A01E /* CoreMedia.framework */ = {isa = PBXFileReference; lastKnownFileType = wrapper.framework; name = CoreMedia.framework; path = System/Library/Frameworks/CoreMedia.framework; sourceTree = SDKROOT; };
		AA1815F21CB1768600B9A01E /* CoreTelephony.framework */ = {isa = PBXFileReference; lastKnownFileType = wrapper.framework; name = CoreTelephony.framework; path = System/Library/Frameworks/CoreTelephony.framework; sourceTree = SDKROOT; };
		AA1815F41CB1769000B9A01E /* EventKit.framework */ = {isa = PBXFileReference; lastKnownFileType = wrapper.framework; name = EventKit.framework; path = System/Library/Frameworks/EventKit.framework; sourceTree = SDKROOT; };
		AA1815F51CB1769000B9A01E /* EventKitUI.framework */ = {isa = PBXFileReference; lastKnownFileType = wrapper.framework; name = EventKitUI.framework; path = System/Library/Frameworks/EventKitUI.framework; sourceTree = SDKROOT; };
		AA1815F81CB1769D00B9A01E /* MediaPlayer.framework */ = {isa = PBXFileReference; lastKnownFileType = wrapper.framework; name = MediaPlayer.framework; path = System/Library/Frameworks/MediaPlayer.framework; sourceTree = SDKROOT; };
		AA1815FA1CB176A200B9A01E /* MessageUI.framework */ = {isa = PBXFileReference; lastKnownFileType = wrapper.framework; name = MessageUI.framework; path = System/Library/Frameworks/MessageUI.framework; sourceTree = SDKROOT; };
		AA1815FE1CB176B300B9A01E /* SystemConfiguration.framework */ = {isa = PBXFileReference; lastKnownFileType = wrapper.framework; name = SystemConfiguration.framework; path = System/Library/Frameworks/SystemConfiguration.framework; sourceTree = SDKROOT; };
		AA1816021CB1777400B9A01E /* GoogleMobileAds.framework */ = {isa = PBXFileReference; lastKnownFileType = wrapper.framework; path = GoogleMobileAds.framework; sourceTree = "<group>"; };
		AAAA7E8E1CAEE3E2004F3EB7 /* Constants.swift */ = {isa = PBXFileReference; fileEncoding = 4; lastKnownFileType = sourcecode.swift; path = Constants.swift; sourceTree = "<group>"; };
		AABDE5F21CADA610005CD74F /* my-weather.app */ = {isa = PBXFileReference; explicitFileType = wrapper.application; includeInIndex = 0; path = "my-weather.app"; sourceTree = BUILT_PRODUCTS_DIR; };
		AABDE5F51CADA610005CD74F /* AppDelegate.swift */ = {isa = PBXFileReference; lastKnownFileType = sourcecode.swift; path = AppDelegate.swift; sourceTree = "<group>"; };
		AABDE5F71CADA610005CD74F /* MainWeatherVC.swift */ = {isa = PBXFileReference; lastKnownFileType = sourcecode.swift; path = MainWeatherVC.swift; sourceTree = "<group>"; };
		AABDE5FA1CADA610005CD74F /* Base */ = {isa = PBXFileReference; lastKnownFileType = file.storyboard; name = Base; path = Base.lproj/Main.storyboard; sourceTree = "<group>"; };
		AABDE5FC1CADA610005CD74F /* Assets.xcassets */ = {isa = PBXFileReference; lastKnownFileType = folder.assetcatalog; path = Assets.xcassets; sourceTree = "<group>"; };
		AABDE5FF1CADA610005CD74F /* Base */ = {isa = PBXFileReference; lastKnownFileType = file.storyboard; name = Base; path = Base.lproj/LaunchScreen.storyboard; sourceTree = "<group>"; };
		AABDE6011CADA610005CD74F /* Info.plist */ = {isa = PBXFileReference; lastKnownFileType = text.plist.xml; path = Info.plist; sourceTree = "<group>"; };
		AAD127091CAE8C260081CAD6 /* NextWeatherVC.swift */ = {isa = PBXFileReference; fileEncoding = 4; lastKnownFileType = sourcecode.swift; path = NextWeatherVC.swift; sourceTree = "<group>"; };
		AAD1270E1CAEA5E10081CAD6 /* Weather.swift */ = {isa = PBXFileReference; fileEncoding = 4; lastKnownFileType = sourcecode.swift; path = Weather.swift; sourceTree = "<group>"; };
		AAD127131CAEB6770081CAD6 /* WeatherCell.swift */ = {isa = PBXFileReference; fileEncoding = 4; lastKnownFileType = sourcecode.swift; path = WeatherCell.swift; sourceTree = "<group>"; };
		B80256A32FB0F5190793EF2B /* Pods-my-weather.release.xcconfig */ = {isa = PBXFileReference; includeInIndex = 1; lastKnownFileType = text.xcconfig; name = "Pods-my-weather.release.xcconfig"; path = "Pods/Target Support Files/Pods-my-weather/Pods-my-weather.release.xcconfig"; sourceTree = "<group>"; };
/* End PBXFileReference section */

/* Begin PBXFrameworksBuildPhase section */
		AABDE5EF1CADA610005CD74F /* Frameworks */ = {
			isa = PBXFrameworksBuildPhase;
			buildActionMask = 2147483647;
			files = (
				AA1815FF1CB176B300B9A01E /* SystemConfiguration.framework in Frameworks */,
				AA1815FB1CB176A200B9A01E /* MessageUI.framework in Frameworks */,
				AA1815F91CB1769D00B9A01E /* MediaPlayer.framework in Frameworks */,
				AA1815F61CB1769000B9A01E /* EventKit.framework in Frameworks */,
				AA1815F71CB1769000B9A01E /* EventKitUI.framework in Frameworks */,
				AA1815F31CB1768600B9A01E /* CoreTelephony.framework in Frameworks */,
				AA1815F11CB1767C00B9A01E /* CoreMedia.framework in Frameworks */,
				AA1815EF1CB1767600B9A01E /* CoreGraphics.framework in Frameworks */,
				AA1815ED1CB1766D00B9A01E /* AVFoundation.framework in Frameworks */,
				AA1815EB1CB1766500B9A01E /* AudioToolbox.framework in Frameworks */,
				AA1815E91CB1765D00B9A01E /* AdSupport.framework in Frameworks */,
				AA1815E51CB0F76E00B9A01E /* CoreLocation.framework in Frameworks */,
				0FC92582BEBE7379E573E009 /* Pods_my_weather.framework in Frameworks */,
			);
			runOnlyForDeploymentPostprocessing = 0;
		};
/* End PBXFrameworksBuildPhase section */

/* Begin PBXGroup section */
		0D5E9304E0E54EEF3585CAC3 /* Pods */ = {
			isa = PBXGroup;
			children = (
				434078669B3B37DC26636424 /* Pods-my-weather.debug.xcconfig */,
				B80256A32FB0F5190793EF2B /* Pods-my-weather.release.xcconfig */,
			);
			name = Pods;
			sourceTree = "<group>";
		};
		841C44B8007285A1B6357954 /* Frameworks */ = {
			isa = PBXGroup;
			children = (
				AA1816021CB1777400B9A01E /* GoogleMobileAds.framework */,
				AA1815FE1CB176B300B9A01E /* SystemConfiguration.framework */,
				AA1815FA1CB176A200B9A01E /* MessageUI.framework */,
				AA1815F81CB1769D00B9A01E /* MediaPlayer.framework */,
				AA1815F41CB1769000B9A01E /* EventKit.framework */,
				AA1815F51CB1769000B9A01E /* EventKitUI.framework */,
				AA1815F21CB1768600B9A01E /* CoreTelephony.framework */,
				AA1815F01CB1767C00B9A01E /* CoreMedia.framework */,
				AA1815EE1CB1767600B9A01E /* CoreGraphics.framework */,
				AA1815EC1CB1766D00B9A01E /* AVFoundation.framework */,
				AA1815EA1CB1766500B9A01E /* AudioToolbox.framework */,
				AA1815E81CB1765D00B9A01E /* AdSupport.framework */,
				AA1815E41CB0F76E00B9A01E /* CoreLocation.framework */,
				5BEFF34DBD0EDA855A547C36 /* Pods_my_weather.framework */,
			);
			name = Frameworks;
			sourceTree = "<group>";
		};
		AAAA7E8D1CAEE3CF004F3EB7 /* Utilities */ = {
			isa = PBXGroup;
			children = (
				AAAA7E8E1CAEE3E2004F3EB7 /* Constants.swift */,
			);
			name = Utilities;
			sourceTree = "<group>";
		};
		AABDE5E91CADA610005CD74F = {
			isa = PBXGroup;
			children = (
				AABDE5F41CADA610005CD74F /* my-weather */,
				AABDE5F31CADA610005CD74F /* Products */,
				841C44B8007285A1B6357954 /* Frameworks */,
				0D5E9304E0E54EEF3585CAC3 /* Pods */,
			);
			sourceTree = "<group>";
		};
		AABDE5F31CADA610005CD74F /* Products */ = {
			isa = PBXGroup;
			children = (
				AABDE5F21CADA610005CD74F /* my-weather.app */,
			);
			name = Products;
			sourceTree = "<group>";
		};
		AABDE5F41CADA610005CD74F /* my-weather */ = {
			isa = PBXGroup;
			children = (
				AAD1270D1CAEA16B0081CAD6 /* Model */,
				AAD1270C1CAEA1660081CAD6 /* View */,
				AAD1270B1CAEA1600081CAD6 /* Controller */,
				AAAA7E8D1CAEE3CF004F3EB7 /* Utilities */,
				AABDE5F51CADA610005CD74F /* AppDelegate.swift */,
				AABDE5F91CADA610005CD74F /* Main.storyboard */,
				AABDE5FC1CADA610005CD74F /* Assets.xcassets */,
				AABDE5FE1CADA610005CD74F /* LaunchScreen.storyboard */,
				AABDE6011CADA610005CD74F /* Info.plist */,
			);
			path = "my-weather";
			sourceTree = "<group>";
		};
		AAD1270B1CAEA1600081CAD6 /* Controller */ = {
			isa = PBXGroup;
			children = (
				AABDE5F71CADA610005CD74F /* MainWeatherVC.swift */,
				AAD127091CAE8C260081CAD6 /* NextWeatherVC.swift */,
				AA1815E61CB1090900B9A01E /* OptionsVC.swift */,
			);
			name = Controller;
			sourceTree = "<group>";
		};
		AAD1270C1CAEA1660081CAD6 /* View */ = {
			isa = PBXGroup;
			children = (
				AAD127131CAEB6770081CAD6 /* WeatherCell.swift */,
			);
			name = View;
			sourceTree = "<group>";
		};
		AAD1270D1CAEA16B0081CAD6 /* Model */ = {
			isa = PBXGroup;
			children = (
				AAD1270E1CAEA5E10081CAD6 /* Weather.swift */,
			);
			name = Model;
			sourceTree = "<group>";
		};
/* End PBXGroup section */

/* Begin PBXNativeTarget section */
		AABDE5F11CADA610005CD74F /* my-weather */ = {
			isa = PBXNativeTarget;
			buildConfigurationList = AABDE6041CADA610005CD74F /* Build configuration list for PBXNativeTarget "my-weather" */;
			buildPhases = (
				2B792CB3FD41F47277689A9D /* [CP] Check Pods Manifest.lock */,
				AABDE5EE1CADA610005CD74F /* Sources */,
				AABDE5EF1CADA610005CD74F /* Frameworks */,
				AABDE5F01CADA610005CD74F /* Resources */,
				0046F84315DFA14B51B6BF89 /* [CP] Embed Pods Frameworks */,
				5869319248F36498C736D1A8 /* [CP] Copy Pods Resources */,
			);
			buildRules = (
			);
			dependencies = (
			);
			name = "my-weather";
			productName = "my-weather";
			productReference = AABDE5F21CADA610005CD74F /* my-weather.app */;
			productType = "com.apple.product-type.application";
		};
/* End PBXNativeTarget section */

/* Begin PBXProject section */
		AABDE5EA1CADA610005CD74F /* Project object */ = {
			isa = PBXProject;
			attributes = {
				LastSwiftUpdateCheck = 0730;
				LastUpgradeCheck = 0900;
				ORGANIZATIONNAME = "Gary Grape Productions";
				TargetAttributes = {
					AABDE5F11CADA610005CD74F = {
						CreatedOnToolsVersion = 7.3;
						DevelopmentTeam = 6M7C6U48HK;
						LastSwiftMigration = 0830;
						ProvisioningStyle = Automatic;
						SystemCapabilities = {
							com.apple.InAppPurchase = {
								enabled = 0;
							};
						};
					};
				};
			};
			buildConfigurationList = AABDE5ED1CADA610005CD74F /* Build configuration list for PBXProject "my-weather" */;
			compatibilityVersion = "Xcode 3.2";
			developmentRegion = English;
			hasScannedForEncodings = 0;
			knownRegions = (
				en,
				Base,
			);
			mainGroup = AABDE5E91CADA610005CD74F;
			productRefGroup = AABDE5F31CADA610005CD74F /* Products */;
			projectDirPath = "";
			projectRoot = "";
			targets = (
				AABDE5F11CADA610005CD74F /* my-weather */,
			);
		};
/* End PBXProject section */

/* Begin PBXResourcesBuildPhase section */
		AABDE5F01CADA610005CD74F /* Resources */ = {
			isa = PBXResourcesBuildPhase;
			buildActionMask = 2147483647;
			files = (
				AABDE6001CADA610005CD74F /* LaunchScreen.storyboard in Resources */,
				AABDE5FD1CADA610005CD74F /* Assets.xcassets in Resources */,
				AABDE5FB1CADA610005CD74F /* Main.storyboard in Resources */,
			);
			runOnlyForDeploymentPostprocessing = 0;
		};
/* End PBXResourcesBuildPhase section */

/* Begin PBXShellScriptBuildPhase section */
		0046F84315DFA14B51B6BF89 /* [CP] Embed Pods Frameworks */ = {
			isa = PBXShellScriptBuildPhase;
			buildActionMask = 2147483647;
			files = (
			);
			inputPaths = (
				"${SRCROOT}/Pods/Target Support Files/Pods-my-weather/Pods-my-weather-frameworks.sh",
				"${BUILT_PRODUCTS_DIR}/Alamofire/Alamofire.framework",
			);
			name = "[CP] Embed Pods Frameworks";
			outputPaths = (
				"${TARGET_BUILD_DIR}/${FRAMEWORKS_FOLDER_PATH}/Alamofire.framework",
			);
			runOnlyForDeploymentPostprocessing = 0;
			shellPath = /bin/sh;
			shellScript = "\"${SRCROOT}/Pods/Target Support Files/Pods-my-weather/Pods-my-weather-frameworks.sh\"\n";
			showEnvVarsInLog = 0;
		};
		2B792CB3FD41F47277689A9D /* [CP] Check Pods Manifest.lock */ = {
			isa = PBXShellScriptBuildPhase;
			buildActionMask = 2147483647;
			files = (
			);
			inputPaths = (
				"${PODS_PODFILE_DIR_PATH}/Podfile.lock",
				"${PODS_ROOT}/Manifest.lock",
			);
			name = "[CP] Check Pods Manifest.lock";
			outputPaths = (
				"$(DERIVED_FILE_DIR)/Pods-my-weather-checkManifestLockResult.txt",
			);
			runOnlyForDeploymentPostprocessing = 0;
			shellPath = /bin/sh;
			shellScript = "diff \"${PODS_PODFILE_DIR_PATH}/Podfile.lock\" \"${PODS_ROOT}/Manifest.lock\" > /dev/null\nif [ $? != 0 ] ; then\n    # print error to STDERR\n    echo \"error: The sandbox is not in sync with the Podfile.lock. Run 'pod install' or update your CocoaPods installation.\" >&2\n    exit 1\nfi\n# This output is used by Xcode 'outputs' to avoid re-running this script phase.\necho \"SUCCESS\" > \"${SCRIPT_OUTPUT_FILE_0}\"\n";
			showEnvVarsInLog = 0;
		};
		5869319248F36498C736D1A8 /* [CP] Copy Pods Resources */ = {
			isa = PBXShellScriptBuildPhase;
			buildActionMask = 2147483647;
			files = (
			);
			inputPaths = (
			);
			name = "[CP] Copy Pods Resources";
			outputPaths = (
			);
			runOnlyForDeploymentPostprocessing = 0;
			shellPath = /bin/sh;
			shellScript = "\"${SRCROOT}/Pods/Target Support Files/Pods-my-weather/Pods-my-weather-resources.sh\"\n";
			showEnvVarsInLog = 0;
		};
/* End PBXShellScriptBuildPhase section */

/* Begin PBXSourcesBuildPhase section */
		AABDE5EE1CADA610005CD74F /* Sources */ = {
			isa = PBXSourcesBuildPhase;
			buildActionMask = 2147483647;
			files = (
				AAD1270F1CAEA5E10081CAD6 /* Weather.swift in Sources */,
				AABDE5F81CADA610005CD74F /* MainWeatherVC.swift in Sources */,
				AA1815E71CB1090900B9A01E /* OptionsVC.swift in Sources */,
				AAD127141CAEB6770081CAD6 /* WeatherCell.swift in Sources */,
				AAD1270A1CAE8C260081CAD6 /* NextWeatherVC.swift in Sources */,
				AABDE5F61CADA610005CD74F /* AppDelegate.swift in Sources */,
				AAAA7E8F1CAEE3E2004F3EB7 /* Constants.swift in Sources */,
			);
			runOnlyForDeploymentPostprocessing = 0;
		};
/* End PBXSourcesBuildPhase section */

/* Begin PBXVariantGroup section */
		AABDE5F91CADA610005CD74F /* Main.storyboard */ = {
			isa = PBXVariantGroup;
			children = (
				AABDE5FA1CADA610005CD74F /* Base */,
			);
			name = Main.storyboard;
			sourceTree = "<group>";
		};
		AABDE5FE1CADA610005CD74F /* LaunchScreen.storyboard */ = {
			isa = PBXVariantGroup;
			children = (
				AABDE5FF1CADA610005CD74F /* Base */,
			);
			name = LaunchScreen.storyboard;
			sourceTree = "<group>";
		};
/* End PBXVariantGroup section */

/* Begin XCBuildConfiguration section */
		AABDE6021CADA610005CD74F /* Debug */ = {
			isa = XCBuildConfiguration;
			buildSettings = {
				ALWAYS_EMBED_SWIFT_STANDARD_LIBRARIES = YES;
				ALWAYS_SEARCH_USER_PATHS = NO;
				CLANG_ANALYZER_NONNULL = YES;
				CLANG_CXX_LANGUAGE_STANDARD = "gnu++0x";
				CLANG_CXX_LIBRARY = "libc++";
				CLANG_ENABLE_MODULES = YES;
				CLANG_ENABLE_OBJC_ARC = YES;
				CLANG_WARN_BLOCK_CAPTURE_AUTORELEASING = YES;
				CLANG_WARN_BOOL_CONVERSION = YES;
				CLANG_WARN_COMMA = YES;
				CLANG_WARN_CONSTANT_CONVERSION = YES;
				CLANG_WARN_DIRECT_OBJC_ISA_USAGE = YES_ERROR;
				CLANG_WARN_EMPTY_BODY = YES;
				CLANG_WARN_ENUM_CONVERSION = YES;
				CLANG_WARN_INFINITE_RECURSION = YES;
				CLANG_WARN_INT_CONVERSION = YES;
				CLANG_WARN_NON_LITERAL_NULL_CONVERSION = YES;
				CLANG_WARN_OBJC_LITERAL_CONVERSION = YES;
				CLANG_WARN_OBJC_ROOT_CLASS = YES_ERROR;
				CLANG_WARN_RANGE_LOOP_ANALYSIS = YES;
				CLANG_WARN_STRICT_PROTOTYPES = YES;
				CLANG_WARN_SUSPICIOUS_MOVE = YES;
				CLANG_WARN_UNREACHABLE_CODE = YES;
				CLANG_WARN__DUPLICATE_METHOD_MATCH = YES;
				"CODE_SIGN_IDENTITY[sdk=iphoneos*]" = "iPhone Developer";
				COPY_PHASE_STRIP = NO;
				DEBUG_INFORMATION_FORMAT = dwarf;
				ENABLE_STRICT_OBJC_MSGSEND = YES;
				ENABLE_TESTABILITY = YES;
				GCC_C_LANGUAGE_STANDARD = gnu99;
				GCC_DYNAMIC_NO_PIC = NO;
				GCC_NO_COMMON_BLOCKS = YES;
				GCC_OPTIMIZATION_LEVEL = 0;
				GCC_PREPROCESSOR_DEFINITIONS = (
					"DEBUG=1",
					"$(inherited)",
				);
				GCC_WARN_64_TO_32_BIT_CONVERSION = YES;
				GCC_WARN_ABOUT_RETURN_TYPE = YES_ERROR;
				GCC_WARN_UNDECLARED_SELECTOR = YES;
				GCC_WARN_UNINITIALIZED_AUTOS = YES_AGGRESSIVE;
				GCC_WARN_UNUSED_FUNCTION = YES;
				GCC_WARN_UNUSED_VARIABLE = YES;
				IPHONEOS_DEPLOYMENT_TARGET = 9.3;
				MTL_ENABLE_DEBUG_INFO = YES;
				ONLY_ACTIVE_ARCH = YES;
				SDKROOT = iphoneos;
				SWIFT_OPTIMIZATION_LEVEL = "-Onone";
				SWIFT_VERSION = 3.0;
				TARGETED_DEVICE_FAMILY = "1,2";
			};
			name = Debug;
		};
		AABDE6031CADA610005CD74F /* Release */ = {
			isa = XCBuildConfiguration;
			buildSettings = {
				ALWAYS_EMBED_SWIFT_STANDARD_LIBRARIES = YES;
				ALWAYS_SEARCH_USER_PATHS = NO;
				CLANG_ANALYZER_NONNULL = YES;
				CLANG_CXX_LANGUAGE_STANDARD = "gnu++0x";
				CLANG_CXX_LIBRARY = "libc++";
				CLANG_ENABLE_MODULES = YES;
				CLANG_ENABLE_OBJC_ARC = YES;
				CLANG_WARN_BLOCK_CAPTURE_AUTORELEASING = YES;
				CLANG_WARN_BOOL_CONVERSION = YES;
				CLANG_WARN_COMMA = YES;
				CLANG_WARN_CONSTANT_CONVERSION = YES;
				CLANG_WARN_DIRECT_OBJC_ISA_USAGE = YES_ERROR;
				CLANG_WARN_EMPTY_BODY = YES;
				CLANG_WARN_ENUM_CONVERSION = YES;
				CLANG_WARN_INFINITE_RECURSION = YES;
				CLANG_WARN_INT_CONVERSION = YES;
				CLANG_WARN_NON_LITERAL_NULL_CONVERSION = YES;
				CLANG_WARN_OBJC_LITERAL_CONVERSION = YES;
				CLANG_WARN_OBJC_ROOT_CLASS = YES_ERROR;
				CLANG_WARN_RANGE_LOOP_ANALYSIS = YES;
				CLANG_WARN_STRICT_PROTOTYPES = YES;
				CLANG_WARN_SUSPICIOUS_MOVE = YES;
				CLANG_WARN_UNREACHABLE_CODE = YES;
				CLANG_WARN__DUPLICATE_METHOD_MATCH = YES;
				"CODE_SIGN_IDENTITY[sdk=iphoneos*]" = "iPhone Developer";
				COPY_PHASE_STRIP = NO;
				DEBUG_INFORMATION_FORMAT = "dwarf-with-dsym";
				ENABLE_NS_ASSERTIONS = NO;
				ENABLE_STRICT_OBJC_MSGSEND = YES;
				GCC_C_LANGUAGE_STANDARD = gnu99;
				GCC_NO_COMMON_BLOCKS = YES;
				GCC_WARN_64_TO_32_BIT_CONVERSION = YES;
				GCC_WARN_ABOUT_RETURN_TYPE = YES_ERROR;
				GCC_WARN_UNDECLARED_SELECTOR = YES;
				GCC_WARN_UNINITIALIZED_AUTOS = YES_AGGRESSIVE;
				GCC_WARN_UNUSED_FUNCTION = YES;
				GCC_WARN_UNUSED_VARIABLE = YES;
				IPHONEOS_DEPLOYMENT_TARGET = 9.3;
				MTL_ENABLE_DEBUG_INFO = NO;
				SDKROOT = iphoneos;
				SWIFT_OPTIMIZATION_LEVEL = "-Owholemodule";
				SWIFT_VERSION = 3.0;
				TARGETED_DEVICE_FAMILY = "1,2";
				VALIDATE_PRODUCT = YES;
			};
			name = Release;
		};
		AABDE6051CADA610005CD74F /* Debug */ = {
			isa = XCBuildConfiguration;
			baseConfigurationReference = 434078669B3B37DC26636424 /* Pods-my-weather.debug.xcconfig */;
			buildSettings = {
				ALWAYS_EMBED_SWIFT_STANDARD_LIBRARIES = YES;
				ASSETCATALOG_COMPILER_APPICON_NAME = AppIcon;
				CODE_SIGN_IDENTITY = "iPhone Distribution: Gary Grape (6M7C6U48HK)";
				"CODE_SIGN_IDENTITY[sdk=iphoneos*]" = "iPhone Developer";
				DEBUG_INFORMATION_FORMAT = "dwarf-with-dsym";
				DEVELOPMENT_TEAM = "";
				EMBEDDED_CONTENT_CONTAINS_SWIFT = "$(inherited)";
				FRAMEWORK_SEARCH_PATHS = (
					"$(inherited)",
					"$(PROJECT_DIR)",
				);
				INFOPLIST_FILE = "my-weather/Info.plist";
				IPHONEOS_DEPLOYMENT_TARGET = 9.0;
				LD_RUNPATH_SEARCH_PATHS = "$(inherited) @executable_path/Frameworks";
				LIBRARY_SEARCH_PATHS = (
					"$(inherited)",
					"$(PROJECT_DIR)/GoogleMobileAds.framework/Versions/A",
				);
				PRODUCT_BUNDLE_IDENTIFIER = io.didevanberkel.myweatherbuddy;
				PRODUCT_NAME = "$(TARGET_NAME)";
				PROVISIONING_PROFILE = "";
				PROVISIONING_PROFILE_SPECIFIER = "";
				SWIFT_SWIFT3_OBJC_INFERENCE = On;
				SWIFT_VERSION = 3.0;
				TARGETED_DEVICE_FAMILY = "1,2";
			};
			name = Debug;
		};
		AABDE6061CADA610005CD74F /* Release */ = {
			isa = XCBuildConfiguration;
			baseConfigurationReference = B80256A32FB0F5190793EF2B /* Pods-my-weather.release.xcconfig */;
			buildSettings = {
				ALWAYS_EMBED_SWIFT_STANDARD_LIBRARIES = YES;
				ASSETCATALOG_COMPILER_APPICON_NAME = AppIcon;
				CODE_SIGN_IDENTITY = "iPhone Distribution: Gary Grape (6M7C6U48HK)";
				"CODE_SIGN_IDENTITY[sdk=iphoneos*]" = "iPhone Developer";
				DEBUG_INFORMATION_FORMAT = "dwarf-with-dsym";
				DEVELOPMENT_TEAM = "";
				EMBEDDED_CONTENT_CONTAINS_SWIFT = "$(inherited)";
				FRAMEWORK_SEARCH_PATHS = (
					"$(inherited)",
					"$(PROJECT_DIR)",
				);
				INFOPLIST_FILE = "my-weather/Info.plist";
				IPHONEOS_DEPLOYMENT_TARGET = 9.0;
				LD_RUNPATH_SEARCH_PATHS = "$(inherited) @executable_path/Frameworks";
				LIBRARY_SEARCH_PATHS = (
					"$(inherited)",
					"$(PROJECT_DIR)/GoogleMobileAds.framework/Versions/A",
				);
				PRODUCT_BUNDLE_IDENTIFIER = io.didevanberkel.myweatherbuddy;
				PRODUCT_NAME = "$(TARGET_NAME)";
				PROVISIONING_PROFILE = "";
				PROVISIONING_PROFILE_SPECIFIER = "";
				SWIFT_SWIFT3_OBJC_INFERENCE = On;
				SWIFT_VERSION = 3.0;
				TARGETED_DEVICE_FAMILY = "1,2";
			};
			name = Release;
		};
/* End XCBuildConfiguration section */

/* Begin XCConfigurationList section */
		AABDE5ED1CADA610005CD74F /* Build configuration list for PBXProject "my-weather" */ = {
			isa = XCConfigurationList;
			buildConfigurations = (
				AABDE6021CADA610005CD74F /* Debug */,
				AABDE6031CADA610005CD74F /* Release */,
			);
			defaultConfigurationIsVisible = 0;
			defaultConfigurationName = Release;
		};
		AABDE6041CADA610005CD74F /* Build configuration list for PBXNativeTarget "my-weather" */ = {
			isa = XCConfigurationList;
			buildConfigurations = (
				AABDE6051CADA610005CD74F /* Debug */,
				AABDE6061CADA610005CD74F /* Release */,
			);
			defaultConfigurationIsVisible = 0;
			defaultConfigurationName = Release;
		};
/* End XCConfigurationList section */
	};
	rootObject = AABDE5EA1CADA610005CD74F /* Project object */;
}
